// !$*UTF8*$!
{
	archiveVersion = 1;
	classes = {
	};
	objectVersion = 56;
	objects = {

/* Begin PBXBuildFile section */
		0AA34EB82CB9872300ABB640 /* audio-station-c.cpp in Sources */ = {isa = PBXBuildFile; fileRef = 0AA34EA92CB9872300ABB640 /* audio-station-c.cpp */; };
		0AA34EB92CB9872300ABB640 /* audio-station.cpp in Sources */ = {isa = PBXBuildFile; fileRef = 0AA34EAA2CB9872300ABB640 /* audio-station.cpp */; };
		0AA34EBA2CB9872300ABB640 /* combo.cpp in Sources */ = {isa = PBXBuildFile; fileRef = 0AA34EAB2CB9872300ABB640 /* combo.cpp */; };
		0AA34EBB2CB9872300ABB640 /* delay.cpp in Sources */ = {isa = PBXBuildFile; fileRef = 0AA34EAC2CB9872300ABB640 /* delay.cpp */; };
		0AA34EBC2CB9872300ABB640 /* drum.cpp in Sources */ = {isa = PBXBuildFile; fileRef = 0AA34EAD2CB9872300ABB640 /* drum.cpp */; };
		0AA34EBD2CB9872400ABB640 /* envelope.cpp in Sources */ = {isa = PBXBuildFile; fileRef = 0AA34EAE2CB9872300ABB640 /* envelope.cpp */; };
		0AA34EBE2CB9872400ABB640 /* mixer.cpp in Sources */ = {isa = PBXBuildFile; fileRef = 0AA34EAF2CB9872300ABB640 /* mixer.cpp */; };
		0AA34EBF2CB9872400ABB640 /* noise.cpp in Sources */ = {isa = PBXBuildFile; fileRef = 0AA34EB02CB9872300ABB640 /* noise.cpp */; };
		0AA34EC02CB9872400ABB640 /* notes.cpp in Sources */ = {isa = PBXBuildFile; fileRef = 0AA34EB12CB9872300ABB640 /* notes.cpp */; };
		0AA34EC12CB9872400ABB640 /* oscillator.cpp in Sources */ = {isa = PBXBuildFile; fileRef = 0AA34EB22CB9872300ABB640 /* oscillator.cpp */; };
		0AA34EC22CB9872400ABB640 /* reverb.cpp in Sources */ = {isa = PBXBuildFile; fileRef = 0AA34EB32CB9872300ABB640 /* reverb.cpp */; };
		0AA34EC32CB9872400ABB640 /* sequencer.cpp in Sources */ = {isa = PBXBuildFile; fileRef = 0AA34EB42CB9872300ABB640 /* sequencer.cpp */; };
		0AA34EC42CB9872400ABB640 /* synth.cpp in Sources */ = {isa = PBXBuildFile; fileRef = 0AA34EB52CB9872300ABB640 /* synth.cpp */; };
		0AA34EC52CB9872400ABB640 /* utils.cpp in Sources */ = {isa = PBXBuildFile; fileRef = 0AA34EB62CB9872300ABB640 /* utils.cpp */; };
		0ABBE03C2BE554D100803057 /* AudioToolbox.framework in Frameworks */ = {isa = PBXBuildFile; fileRef = 0ABBE03B2BE554D100803057 /* AudioToolbox.framework */; };
		0ABBE03E2BE554D800803057 /* AudioUnit.framework in Frameworks */ = {isa = PBXBuildFile; fileRef = 0ABBE03D2BE554D800803057 /* AudioUnit.framework */; };
		0AF426822BE2D8650028C5B3 /* AppDelegate.swift in Sources */ = {isa = PBXBuildFile; fileRef = 0AF426812BE2D8650028C5B3 /* AppDelegate.swift */; };
		0AF426842BE2D8650028C5B3 /* ViewController.swift in Sources */ = {isa = PBXBuildFile; fileRef = 0AF426832BE2D8650028C5B3 /* ViewController.swift */; };
		0AF426862BE2D8650028C5B3 /* art.scnassets in Resources */ = {isa = PBXBuildFile; fileRef = 0AF426852BE2D8650028C5B3 /* art.scnassets */; };
		0AF426882BE2D8660028C5B3 /* Assets.xcassets in Resources */ = {isa = PBXBuildFile; fileRef = 0AF426872BE2D8660028C5B3 /* Assets.xcassets */; };
		0AF4268B2BE2D8660028C5B3 /* Base in Resources */ = {isa = PBXBuildFile; fileRef = 0AF4268A2BE2D8660028C5B3 /* Base */; };
		0AF71D662BE2E1D700348FDE /* Key.swift in Sources */ = {isa = PBXBuildFile; fileRef = 0AF71D652BE2E1D700348FDE /* Key.swift */; };
/* End PBXBuildFile section */

/* Begin PBXFileReference section */
		0AA34E752CB986E800ABB640 /* 3D-Synth.entitlements */ = {isa = PBXFileReference; fileEncoding = 4; lastKnownFileType = text.plist.entitlements; path = "3D-Synth.entitlements"; sourceTree = "<group>"; };
		0AA34E8F2CB9872300ABB640 /* audio-sample.hpp */ = {isa = PBXFileReference; fileEncoding = 4; lastKnownFileType = sourcecode.cpp.h; path = "audio-sample.hpp"; sourceTree = "<group>"; };
		0AA34E902CB9872300ABB640 /* audio-signal-source.hpp */ = {isa = PBXFileReference; fileEncoding = 4; lastKnownFileType = sourcecode.cpp.h; path = "audio-signal-source.hpp"; sourceTree = "<group>"; };
		0AA34E912CB9872300ABB640 /* audio-station-c.h */ = {isa = PBXFileReference; fileEncoding = 4; lastKnownFileType = sourcecode.c.h; path = "audio-station-c.h"; sourceTree = "<group>"; };
		0AA34E922CB9872300ABB640 /* audio-station.hpp */ = {isa = PBXFileReference; fileEncoding = 4; lastKnownFileType = sourcecode.cpp.h; path = "audio-station.hpp"; sourceTree = "<group>"; };
		0AA34E932CB9872300ABB640 /* combo.hpp */ = {isa = PBXFileReference; fileEncoding = 4; lastKnownFileType = sourcecode.cpp.h; path = combo.hpp; sourceTree = "<group>"; };
		0AA34E942CB9872300ABB640 /* config.hpp */ = {isa = PBXFileReference; fileEncoding = 4; lastKnownFileType = sourcecode.cpp.h; path = config.hpp; sourceTree = "<group>"; };
		0AA34E952CB9872300ABB640 /* control-sample.hpp */ = {isa = PBXFileReference; fileEncoding = 4; lastKnownFileType = sourcecode.cpp.h; path = "control-sample.hpp"; sourceTree = "<group>"; };
		0AA34E962CB9872300ABB640 /* control-signal-source.hpp */ = {isa = PBXFileReference; fileEncoding = 4; lastKnownFileType = sourcecode.cpp.h; path = "control-signal-source.hpp"; sourceTree = "<group>"; };
		0AA34E972CB9872300ABB640 /* delay.hpp */ = {isa = PBXFileReference; fileEncoding = 4; lastKnownFileType = sourcecode.cpp.h; path = delay.hpp; sourceTree = "<group>"; };
		0AA34E982CB9872300ABB640 /* drum.hpp */ = {isa = PBXFileReference; fileEncoding = 4; lastKnownFileType = sourcecode.cpp.h; path = drum.hpp; sourceTree = "<group>"; };
		0AA34E992CB9872300ABB640 /* effect.hpp */ = {isa = PBXFileReference; fileEncoding = 4; lastKnownFileType = sourcecode.cpp.h; path = effect.hpp; sourceTree = "<group>"; };
		0AA34E9A2CB9872300ABB640 /* envelope.hpp */ = {isa = PBXFileReference; fileEncoding = 4; lastKnownFileType = sourcecode.cpp.h; path = envelope.hpp; sourceTree = "<group>"; };
		0AA34E9B2CB9872300ABB640 /* frequency.hpp */ = {isa = PBXFileReference; fileEncoding = 4; lastKnownFileType = sourcecode.cpp.h; path = frequency.hpp; sourceTree = "<group>"; };
		0AA34E9C2CB9872300ABB640 /* instrument.hpp */ = {isa = PBXFileReference; fileEncoding = 4; lastKnownFileType = sourcecode.cpp.h; path = instrument.hpp; sourceTree = "<group>"; };
		0AA34E9D2CB9872300ABB640 /* mixer.hpp */ = {isa = PBXFileReference; fileEncoding = 4; lastKnownFileType = sourcecode.cpp.h; path = mixer.hpp; sourceTree = "<group>"; };
		0AA34E9E2CB9872300ABB640 /* noise.hpp */ = {isa = PBXFileReference; fileEncoding = 4; lastKnownFileType = sourcecode.cpp.h; path = noise.hpp; sourceTree = "<group>"; };
		0AA34E9F2CB9872300ABB640 /* note.hpp */ = {isa = PBXFileReference; fileEncoding = 4; lastKnownFileType = sourcecode.cpp.h; path = note.hpp; sourceTree = "<group>"; };
		0AA34EA02CB9872300ABB640 /* oscillator.hpp */ = {isa = PBXFileReference; fileEncoding = 4; lastKnownFileType = sourcecode.cpp.h; path = oscillator.hpp; sourceTree = "<group>"; };
		0AA34EA12CB9872300ABB640 /* playable.hpp */ = {isa = PBXFileReference; fileEncoding = 4; lastKnownFileType = sourcecode.cpp.h; path = playable.hpp; sourceTree = "<group>"; };
		0AA34EA22CB9872300ABB640 /* reverb.hpp */ = {isa = PBXFileReference; fileEncoding = 4; lastKnownFileType = sourcecode.cpp.h; path = reverb.hpp; sourceTree = "<group>"; };
		0AA34EA32CB9872300ABB640 /* sequencer.hpp */ = {isa = PBXFileReference; fileEncoding = 4; lastKnownFileType = sourcecode.cpp.h; path = sequencer.hpp; sourceTree = "<group>"; };
		0AA34EA42CB9872300ABB640 /* synth.hpp */ = {isa = PBXFileReference; fileEncoding = 4; lastKnownFileType = sourcecode.cpp.h; path = synth.hpp; sourceTree = "<group>"; };
		0AA34EA52CB9872300ABB640 /* tick.hpp */ = {isa = PBXFileReference; fileEncoding = 4; lastKnownFileType = sourcecode.cpp.h; path = tick.hpp; sourceTree = "<group>"; };
		0AA34EA62CB9872300ABB640 /* utils.hpp */ = {isa = PBXFileReference; fileEncoding = 4; lastKnownFileType = sourcecode.cpp.h; path = utils.hpp; sourceTree = "<group>"; };
		0AA34EA72CB9872300ABB640 /* wave.hpp */ = {isa = PBXFileReference; fileEncoding = 4; lastKnownFileType = sourcecode.cpp.h; path = wave.hpp; sourceTree = "<group>"; };
		0AA34EA92CB9872300ABB640 /* audio-station-c.cpp */ = {isa = PBXFileReference; fileEncoding = 4; lastKnownFileType = sourcecode.cpp.cpp; path = "audio-station-c.cpp"; sourceTree = "<group>"; };
		0AA34EAA2CB9872300ABB640 /* audio-station.cpp */ = {isa = PBXFileReference; fileEncoding = 4; lastKnownFileType = sourcecode.cpp.cpp; path = "audio-station.cpp"; sourceTree = "<group>"; };
		0AA34EAB2CB9872300ABB640 /* combo.cpp */ = {isa = PBXFileReference; fileEncoding = 4; lastKnownFileType = sourcecode.cpp.cpp; path = combo.cpp; sourceTree = "<group>"; };
		0AA34EAC2CB9872300ABB640 /* delay.cpp */ = {isa = PBXFileReference; fileEncoding = 4; lastKnownFileType = sourcecode.cpp.cpp; path = delay.cpp; sourceTree = "<group>"; };
		0AA34EAD2CB9872300ABB640 /* drum.cpp */ = {isa = PBXFileReference; fileEncoding = 4; lastKnownFileType = sourcecode.cpp.cpp; path = drum.cpp; sourceTree = "<group>"; };
		0AA34EAE2CB9872300ABB640 /* envelope.cpp */ = {isa = PBXFileReference; fileEncoding = 4; lastKnownFileType = sourcecode.cpp.cpp; path = envelope.cpp; sourceTree = "<group>"; };
		0AA34EAF2CB9872300ABB640 /* mixer.cpp */ = {isa = PBXFileReference; fileEncoding = 4; lastKnownFileType = sourcecode.cpp.cpp; path = mixer.cpp; sourceTree = "<group>"; };
		0AA34EB02CB9872300ABB640 /* noise.cpp */ = {isa = PBXFileReference; fileEncoding = 4; lastKnownFileType = sourcecode.cpp.cpp; path = noise.cpp; sourceTree = "<group>"; };
		0AA34EB12CB9872300ABB640 /* notes.cpp */ = {isa = PBXFileReference; fileEncoding = 4; lastKnownFileType = sourcecode.cpp.cpp; path = notes.cpp; sourceTree = "<group>"; };
		0AA34EB22CB9872300ABB640 /* oscillator.cpp */ = {isa = PBXFileReference; fileEncoding = 4; lastKnownFileType = sourcecode.cpp.cpp; path = oscillator.cpp; sourceTree = "<group>"; };
		0AA34EB32CB9872300ABB640 /* reverb.cpp */ = {isa = PBXFileReference; fileEncoding = 4; lastKnownFileType = sourcecode.cpp.cpp; path = reverb.cpp; sourceTree = "<group>"; };
		0AA34EB42CB9872300ABB640 /* sequencer.cpp */ = {isa = PBXFileReference; fileEncoding = 4; lastKnownFileType = sourcecode.cpp.cpp; path = sequencer.cpp; sourceTree = "<group>"; };
		0AA34EB52CB9872300ABB640 /* synth.cpp */ = {isa = PBXFileReference; fileEncoding = 4; lastKnownFileType = sourcecode.cpp.cpp; path = synth.cpp; sourceTree = "<group>"; };
		0AA34EB62CB9872300ABB640 /* utils.cpp */ = {isa = PBXFileReference; fileEncoding = 4; lastKnownFileType = sourcecode.cpp.cpp; path = utils.cpp; sourceTree = "<group>"; };
		0ABBE03B2BE554D100803057 /* AudioToolbox.framework */ = {isa = PBXFileReference; lastKnownFileType = wrapper.framework; name = AudioToolbox.framework; path = System/Library/Frameworks/AudioToolbox.framework; sourceTree = SDKROOT; };
		0ABBE03D2BE554D800803057 /* AudioUnit.framework */ = {isa = PBXFileReference; lastKnownFileType = wrapper.framework; name = AudioUnit.framework; path = System/Library/Frameworks/AudioUnit.framework; sourceTree = SDKROOT; };
		0AF4267E2BE2D8650028C5B3 /* 3D-Synth.app */ = {isa = PBXFileReference; explicitFileType = wrapper.application; includeInIndex = 0; path = 3D-Synth.app; sourceTree = BUILT_PRODUCTS_DIR; };
		0AF426812BE2D8650028C5B3 /* AppDelegate.swift */ = {isa = PBXFileReference; lastKnownFileType = sourcecode.swift; path = AppDelegate.swift; sourceTree = "<group>"; };
		0AF426832BE2D8650028C5B3 /* ViewController.swift */ = {isa = PBXFileReference; lastKnownFileType = sourcecode.swift; path = ViewController.swift; sourceTree = "<group>"; };
		0AF426852BE2D8650028C5B3 /* art.scnassets */ = {isa = PBXFileReference; lastKnownFileType = wrapper.scnassets; path = art.scnassets; sourceTree = "<group>"; };
		0AF426872BE2D8660028C5B3 /* Assets.xcassets */ = {isa = PBXFileReference; lastKnownFileType = folder.assetcatalog; path = Assets.xcassets; sourceTree = "<group>"; };
		0AF4268A2BE2D8660028C5B3 /* Base */ = {isa = PBXFileReference; lastKnownFileType = file.storyboard; name = Base; path = Base.lproj/Main.storyboard; sourceTree = "<group>"; };
		0AF71D652BE2E1D700348FDE /* Key.swift */ = {isa = PBXFileReference; lastKnownFileType = sourcecode.swift; path = Key.swift; sourceTree = "<group>"; };
		0AF71D672BE2F0B100348FDE /* Bridging-Header.h */ = {isa = PBXFileReference; lastKnownFileType = sourcecode.c.h; path = "Bridging-Header.h"; sourceTree = "<group>"; };
/* End PBXFileReference section */

/* Begin PBXFrameworksBuildPhase section */
		0AF4267B2BE2D8650028C5B3 /* Frameworks */ = {
			isa = PBXFrameworksBuildPhase;
			buildActionMask = 2147483647;
			files = (
				0ABBE03E2BE554D800803057 /* AudioUnit.framework in Frameworks */,
				0ABBE03C2BE554D100803057 /* AudioToolbox.framework in Frameworks */,
			);
			runOnlyForDeploymentPostprocessing = 0;
		};
/* End PBXFrameworksBuildPhase section */

/* Begin PBXGroup section */
		0A7CED352C118A140020251E /* 3D-Synth */ = {
			isa = PBXGroup;
			children = (
				0AF71D652BE2E1D700348FDE /* Key.swift */,
				0AF426812BE2D8650028C5B3 /* AppDelegate.swift */,
				0AF426832BE2D8650028C5B3 /* ViewController.swift */,
				0AF426852BE2D8650028C5B3 /* art.scnassets */,
				0AF426872BE2D8660028C5B3 /* Assets.xcassets */,
				0AF426892BE2D8660028C5B3 /* Main.storyboard */,
				0AA34E752CB986E800ABB640 /* 3D-Synth.entitlements */,
				0AF71D672BE2F0B100348FDE /* Bridging-Header.h */,
			);
			name = "3D-Synth";
			sourceTree = "<group>";
		};
		0A7CED362C118A1D0020251E /* AudioStationLib */ = {
			isa = PBXGroup;
			children = (
				0AA34EA82CB9872300ABB640 /* inc */,
				0AA34EB72CB9872300ABB640 /* src */,
			);
			name = AudioStationLib;
			sourceTree = "<group>";
		};
		0AA34EA82CB9872300ABB640 /* inc */ = {
			isa = PBXGroup;
			children = (
				0AA34E8F2CB9872300ABB640 /* audio-sample.hpp */,
				0AA34E902CB9872300ABB640 /* audio-signal-source.hpp */,
				0AA34E912CB9872300ABB640 /* audio-station-c.h */,
				0AA34E922CB9872300ABB640 /* audio-station.hpp */,
				0AA34E932CB9872300ABB640 /* combo.hpp */,
				0AA34E942CB9872300ABB640 /* config.hpp */,
				0AA34E952CB9872300ABB640 /* control-sample.hpp */,
				0AA34E962CB9872300ABB640 /* control-signal-source.hpp */,
				0AA34E972CB9872300ABB640 /* delay.hpp */,
				0AA34E982CB9872300ABB640 /* drum.hpp */,
				0AA34E992CB9872300ABB640 /* effect.hpp */,
				0AA34E9A2CB9872300ABB640 /* envelope.hpp */,
				0AA34E9B2CB9872300ABB640 /* frequency.hpp */,
				0AA34E9C2CB9872300ABB640 /* instrument.hpp */,
				0AA34E9D2CB9872300ABB640 /* mixer.hpp */,
				0AA34E9E2CB9872300ABB640 /* noise.hpp */,
				0AA34E9F2CB9872300ABB640 /* note.hpp */,
				0AA34EA02CB9872300ABB640 /* oscillator.hpp */,
				0AA34EA12CB9872300ABB640 /* playable.hpp */,
				0AA34EA22CB9872300ABB640 /* reverb.hpp */,
				0AA34EA32CB9872300ABB640 /* sequencer.hpp */,
				0AA34EA42CB9872300ABB640 /* synth.hpp */,
				0AA34EA52CB9872300ABB640 /* tick.hpp */,
				0AA34EA62CB9872300ABB640 /* utils.hpp */,
				0AA34EA72CB9872300ABB640 /* wave.hpp */,
			);
			name = inc;
			path = ../../lib/inc;
			sourceTree = "<group>";
		};
		0AA34EB72CB9872300ABB640 /* src */ = {
			isa = PBXGroup;
			children = (
				0AA34EA92CB9872300ABB640 /* audio-station-c.cpp */,
				0AA34EAA2CB9872300ABB640 /* audio-station.cpp */,
				0AA34EAB2CB9872300ABB640 /* combo.cpp */,
				0AA34EAC2CB9872300ABB640 /* delay.cpp */,
				0AA34EAD2CB9872300ABB640 /* drum.cpp */,
				0AA34EAE2CB9872300ABB640 /* envelope.cpp */,
				0AA34EAF2CB9872300ABB640 /* mixer.cpp */,
				0AA34EB02CB9872300ABB640 /* noise.cpp */,
				0AA34EB12CB9872300ABB640 /* notes.cpp */,
				0AA34EB22CB9872300ABB640 /* oscillator.cpp */,
				0AA34EB32CB9872300ABB640 /* reverb.cpp */,
				0AA34EB42CB9872300ABB640 /* sequencer.cpp */,
				0AA34EB52CB9872300ABB640 /* synth.cpp */,
				0AA34EB62CB9872300ABB640 /* utils.cpp */,
			);
			name = src;
			path = ../../lib/src;
			sourceTree = "<group>";
		};
		0ABBE03A2BE554D000803057 /* Frameworks */ = {
			isa = PBXGroup;
			children = (
				0ABBE03D2BE554D800803057 /* AudioUnit.framework */,
				0ABBE03B2BE554D100803057 /* AudioToolbox.framework */,
			);
			name = Frameworks;
			sourceTree = "<group>";
		};
		0AF426752BE2D8650028C5B3 = {
			isa = PBXGroup;
			children = (
				0A7CED352C118A140020251E /* 3D-Synth */,
				0A7CED362C118A1D0020251E /* AudioStationLib */,
				0AF4267F2BE2D8650028C5B3 /* Products */,
				0ABBE03A2BE554D000803057 /* Frameworks */,
			);
			sourceTree = "<group>";
		};
		0AF4267F2BE2D8650028C5B3 /* Products */ = {
			isa = PBXGroup;
			children = (
				0AF4267E2BE2D8650028C5B3 /* 3D-Synth.app */,
			);
			name = Products;
			sourceTree = "<group>";
		};
/* End PBXGroup section */

/* Begin PBXNativeTarget section */
		0AF4267D2BE2D8650028C5B3 /* 3D-Synth */ = {
			isa = PBXNativeTarget;
			buildConfigurationList = 0AF4268F2BE2D8670028C5B3 /* Build configuration list for PBXNativeTarget "3D-Synth" */;
			buildPhases = (
				0AF4267A2BE2D8650028C5B3 /* Sources */,
				0AF4267B2BE2D8650028C5B3 /* Frameworks */,
				0AF4267C2BE2D8650028C5B3 /* Resources */,
			);
			buildRules = (
			);
			dependencies = (
			);
			name = 3D-Synth;
			productName = 3D-Synth;
			productReference = 0AF4267E2BE2D8650028C5B3 /* 3D-Synth.app */;
			productType = "com.apple.product-type.application";
		};
/* End PBXNativeTarget section */

/* Begin PBXProject section */
		0AF426762BE2D8650028C5B3 /* Project object */ = {
			isa = PBXProject;
			attributes = {
				BuildIndependentTargetsInParallel = 1;
				LastSwiftUpdateCheck = 1530;
				LastUpgradeCheck = 1530;
				TargetAttributes = {
					0AF4267D2BE2D8650028C5B3 = {
						CreatedOnToolsVersion = 15.3;
						LastSwiftMigration = 1530;
					};
				};
			};
			buildConfigurationList = 0AF426792BE2D8650028C5B3 /* Build configuration list for PBXProject "3D-Synth" */;
			compatibilityVersion = "Xcode 14.0";
			developmentRegion = en;
			hasScannedForEncodings = 0;
			knownRegions = (
				en,
				Base,
			);
			mainGroup = 0AF426752BE2D8650028C5B3;
			productRefGroup = 0AF4267F2BE2D8650028C5B3 /* Products */;
			projectDirPath = "";
			projectRoot = "";
			targets = (
				0AF4267D2BE2D8650028C5B3 /* 3D-Synth */,
			);
		};
/* End PBXProject section */

/* Begin PBXResourcesBuildPhase section */
		0AF4267C2BE2D8650028C5B3 /* Resources */ = {
			isa = PBXResourcesBuildPhase;
			buildActionMask = 2147483647;
			files = (
				0AF426882BE2D8660028C5B3 /* Assets.xcassets in Resources */,
				0AF4268B2BE2D8660028C5B3 /* Base in Resources */,
				0AF426862BE2D8650028C5B3 /* art.scnassets in Resources */,
			);
			runOnlyForDeploymentPostprocessing = 0;
		};
/* End PBXResourcesBuildPhase section */

/* Begin PBXSourcesBuildPhase section */
		0AF4267A2BE2D8650028C5B3 /* Sources */ = {
			isa = PBXSourcesBuildPhase;
			buildActionMask = 2147483647;
			files = (
				0AA34EC42CB9872400ABB640 /* synth.cpp in Sources */,
				0AA34EC52CB9872400ABB640 /* utils.cpp in Sources */,
				0AA34EBA2CB9872300ABB640 /* combo.cpp in Sources */,
				0AA34EBC2CB9872300ABB640 /* drum.cpp in Sources */,
				0AA34EC12CB9872400ABB640 /* oscillator.cpp in Sources */,
				0AA34EC32CB9872400ABB640 /* sequencer.cpp in Sources */,
				0AF426842BE2D8650028C5B3 /* ViewController.swift in Sources */,
				0AA34EC02CB9872400ABB640 /* notes.cpp in Sources */,
				0AA34EC22CB9872400ABB640 /* reverb.cpp in Sources */,
				0AA34EBE2CB9872400ABB640 /* mixer.cpp in Sources */,
				0AA34EBD2CB9872400ABB640 /* envelope.cpp in Sources */,
				0AA34EB92CB9872300ABB640 /* audio-station.cpp in Sources */,
				0AA34EBB2CB9872300ABB640 /* delay.cpp in Sources */,
				0AA34EB82CB9872300ABB640 /* audio-station-c.cpp in Sources */,
				0AF426822BE2D8650028C5B3 /* AppDelegate.swift in Sources */,
				0AF71D662BE2E1D700348FDE /* Key.swift in Sources */,
				0AA34EBF2CB9872400ABB640 /* noise.cpp in Sources */,
			);
			runOnlyForDeploymentPostprocessing = 0;
		};
/* End PBXSourcesBuildPhase section */

/* Begin PBXVariantGroup section */
		0AF426892BE2D8660028C5B3 /* Main.storyboard */ = {
			isa = PBXVariantGroup;
			children = (
				0AF4268A2BE2D8660028C5B3 /* Base */,
			);
			name = Main.storyboard;
			sourceTree = "<group>";
		};
/* End PBXVariantGroup section */

/* Begin XCBuildConfiguration section */
		0AF4268D2BE2D8670028C5B3 /* Debug */ = {
			isa = XCBuildConfiguration;
			buildSettings = {
				ALWAYS_SEARCH_USER_PATHS = NO;
				ASSETCATALOG_COMPILER_GENERATE_SWIFT_ASSET_SYMBOL_EXTENSIONS = YES;
				CLANG_ANALYZER_NONNULL = YES;
				CLANG_ANALYZER_NUMBER_OBJECT_CONVERSION = YES_AGGRESSIVE;
				CLANG_CXX_LANGUAGE_STANDARD = "gnu++20";
				CLANG_ENABLE_MODULES = YES;
				CLANG_ENABLE_OBJC_ARC = YES;
				CLANG_ENABLE_OBJC_WEAK = YES;
				CLANG_WARN_BLOCK_CAPTURE_AUTORELEASING = YES;
				CLANG_WARN_BOOL_CONVERSION = YES;
				CLANG_WARN_COMMA = YES;
				CLANG_WARN_CONSTANT_CONVERSION = YES;
				CLANG_WARN_DEPRECATED_OBJC_IMPLEMENTATIONS = YES;
				CLANG_WARN_DIRECT_OBJC_ISA_USAGE = YES_ERROR;
				CLANG_WARN_DOCUMENTATION_COMMENTS = YES;
				CLANG_WARN_EMPTY_BODY = YES;
				CLANG_WARN_ENUM_CONVERSION = YES;
				CLANG_WARN_INFINITE_RECURSION = YES;
				CLANG_WARN_INT_CONVERSION = YES;
				CLANG_WARN_NON_LITERAL_NULL_CONVERSION = YES;
				CLANG_WARN_OBJC_IMPLICIT_RETAIN_SELF = YES;
				CLANG_WARN_OBJC_LITERAL_CONVERSION = YES;
				CLANG_WARN_OBJC_ROOT_CLASS = YES_ERROR;
				CLANG_WARN_QUOTED_INCLUDE_IN_FRAMEWORK_HEADER = YES;
				CLANG_WARN_RANGE_LOOP_ANALYSIS = YES;
				CLANG_WARN_STRICT_PROTOTYPES = YES;
				CLANG_WARN_SUSPICIOUS_MOVE = YES;
				CLANG_WARN_UNGUARDED_AVAILABILITY = YES_AGGRESSIVE;
				CLANG_WARN_UNREACHABLE_CODE = YES;
				CLANG_WARN__DUPLICATE_METHOD_MATCH = YES;
				COPY_PHASE_STRIP = NO;
				DEBUG_INFORMATION_FORMAT = dwarf;
				ENABLE_STRICT_OBJC_MSGSEND = YES;
				ENABLE_TESTABILITY = YES;
				ENABLE_USER_SCRIPT_SANDBOXING = YES;
				GCC_C_LANGUAGE_STANDARD = gnu17;
				GCC_DYNAMIC_NO_PIC = NO;
				GCC_NO_COMMON_BLOCKS = YES;
				GCC_OPTIMIZATION_LEVEL = 0;
				GCC_PREPROCESSOR_DEFINITIONS = (
					"DEBUG=1",
					"$(inherited)",
				);
				GCC_WARN_64_TO_32_BIT_CONVERSION = YES;
				GCC_WARN_ABOUT_RETURN_TYPE = YES_ERROR;
				GCC_WARN_UNDECLARED_SELECTOR = YES;
				GCC_WARN_UNINITIALIZED_AUTOS = YES_AGGRESSIVE;
				GCC_WARN_UNUSED_FUNCTION = YES;
				GCC_WARN_UNUSED_VARIABLE = YES;
				HEADER_SEARCH_PATHS = "$(PROJECT_DIR)/Audio/inc";
				LOCALIZATION_PREFERS_STRING_CATALOGS = YES;
				MACOSX_DEPLOYMENT_TARGET = 14.4;
				MTL_ENABLE_DEBUG_INFO = INCLUDE_SOURCE;
				MTL_FAST_MATH = YES;
				ONLY_ACTIVE_ARCH = YES;
				SDKROOT = macosx;
				SWIFT_ACTIVE_COMPILATION_CONDITIONS = "DEBUG $(inherited)";
				SWIFT_OPTIMIZATION_LEVEL = "-Onone";
			};
			name = Debug;
		};
		0AF4268E2BE2D8670028C5B3 /* Release */ = {
			isa = XCBuildConfiguration;
			buildSettings = {
				ALWAYS_SEARCH_USER_PATHS = NO;
				ASSETCATALOG_COMPILER_GENERATE_SWIFT_ASSET_SYMBOL_EXTENSIONS = YES;
				CLANG_ANALYZER_NONNULL = YES;
				CLANG_ANALYZER_NUMBER_OBJECT_CONVERSION = YES_AGGRESSIVE;
				CLANG_CXX_LANGUAGE_STANDARD = "gnu++20";
				CLANG_ENABLE_MODULES = YES;
				CLANG_ENABLE_OBJC_ARC = YES;
				CLANG_ENABLE_OBJC_WEAK = YES;
				CLANG_WARN_BLOCK_CAPTURE_AUTORELEASING = YES;
				CLANG_WARN_BOOL_CONVERSION = YES;
				CLANG_WARN_COMMA = YES;
				CLANG_WARN_CONSTANT_CONVERSION = YES;
				CLANG_WARN_DEPRECATED_OBJC_IMPLEMENTATIONS = YES;
				CLANG_WARN_DIRECT_OBJC_ISA_USAGE = YES_ERROR;
				CLANG_WARN_DOCUMENTATION_COMMENTS = YES;
				CLANG_WARN_EMPTY_BODY = YES;
				CLANG_WARN_ENUM_CONVERSION = YES;
				CLANG_WARN_INFINITE_RECURSION = YES;
				CLANG_WARN_INT_CONVERSION = YES;
				CLANG_WARN_NON_LITERAL_NULL_CONVERSION = YES;
				CLANG_WARN_OBJC_IMPLICIT_RETAIN_SELF = YES;
				CLANG_WARN_OBJC_LITERAL_CONVERSION = YES;
				CLANG_WARN_OBJC_ROOT_CLASS = YES_ERROR;
				CLANG_WARN_QUOTED_INCLUDE_IN_FRAMEWORK_HEADER = YES;
				CLANG_WARN_RANGE_LOOP_ANALYSIS = YES;
				CLANG_WARN_STRICT_PROTOTYPES = YES;
				CLANG_WARN_SUSPICIOUS_MOVE = YES;
				CLANG_WARN_UNGUARDED_AVAILABILITY = YES_AGGRESSIVE;
				CLANG_WARN_UNREACHABLE_CODE = YES;
				CLANG_WARN__DUPLICATE_METHOD_MATCH = YES;
				COPY_PHASE_STRIP = NO;
				DEBUG_INFORMATION_FORMAT = "dwarf-with-dsym";
				ENABLE_NS_ASSERTIONS = NO;
				ENABLE_STRICT_OBJC_MSGSEND = YES;
				ENABLE_USER_SCRIPT_SANDBOXING = YES;
				GCC_C_LANGUAGE_STANDARD = gnu17;
				GCC_NO_COMMON_BLOCKS = YES;
				GCC_WARN_64_TO_32_BIT_CONVERSION = YES;
				GCC_WARN_ABOUT_RETURN_TYPE = YES_ERROR;
				GCC_WARN_UNDECLARED_SELECTOR = YES;
				GCC_WARN_UNINITIALIZED_AUTOS = YES_AGGRESSIVE;
				GCC_WARN_UNUSED_FUNCTION = YES;
				GCC_WARN_UNUSED_VARIABLE = YES;
				HEADER_SEARCH_PATHS = "$(PROJECT_DIR)/Audio/inc";
				LOCALIZATION_PREFERS_STRING_CATALOGS = YES;
				MACOSX_DEPLOYMENT_TARGET = 14.4;
				MTL_ENABLE_DEBUG_INFO = NO;
				MTL_FAST_MATH = YES;
				SDKROOT = macosx;
				SWIFT_COMPILATION_MODE = wholemodule;
			};
			name = Release;
		};
		0AF426902BE2D8670028C5B3 /* Debug */ = {
			isa = XCBuildConfiguration;
			buildSettings = {
				ASSETCATALOG_COMPILER_APPICON_NAME = AppIcon;
				ASSETCATALOG_COMPILER_GLOBAL_ACCENT_COLOR_NAME = AccentColor;
				CLANG_ENABLE_MODULES = YES;
				CODE_SIGN_ENTITLEMENTS = 3D-Synth.entitlements;
				CODE_SIGN_STYLE = Automatic;
				COMBINE_HIDPI_IMAGES = YES;
				CURRENT_PROJECT_VERSION = 1;
				DEVELOPMENT_TEAM = 252PHPCKQN;
				ENABLE_HARDENED_RUNTIME = YES;
				GENERATE_INFOPLIST_FILE = YES;
				INFOPLIST_KEY_NSHumanReadableCopyright = "";
				INFOPLIST_KEY_NSMainStoryboardFile = Main;
				INFOPLIST_KEY_NSPrincipalClass = NSApplication;
				LD_RUNPATH_SEARCH_PATHS = (
					"$(inherited)",
					"@executable_path/../Frameworks",
				);
				MARKETING_VERSION = 1.0;
				PRODUCT_BUNDLE_IDENTIFIER = petru.motrescu.3D-Synth;
				PRODUCT_NAME = "$(TARGET_NAME)";
				SWIFT_EMIT_LOC_STRINGS = YES;
				SWIFT_OBJC_BRIDGING_HEADER = "Bridging-Header.h";
				SWIFT_OBJC_INTEROP_MODE = objc;
				SWIFT_OPTIMIZATION_LEVEL = "-Onone";
				SWIFT_VERSION = 5.0;
			};
			name = Debug;
		};
		0AF426912BE2D8670028C5B3 /* Release */ = {
			isa = XCBuildConfiguration;
			buildSettings = {
				ASSETCATALOG_COMPILER_APPICON_NAME = AppIcon;
				ASSETCATALOG_COMPILER_GLOBAL_ACCENT_COLOR_NAME = AccentColor;
				CLANG_ENABLE_MODULES = YES;
				CODE_SIGN_ENTITLEMENTS = 3D-Synth.entitlements;
				CODE_SIGN_STYLE = Automatic;
				COMBINE_HIDPI_IMAGES = YES;
				CURRENT_PROJECT_VERSION = 1;
				DEVELOPMENT_TEAM = 252PHPCKQN;
				ENABLE_HARDENED_RUNTIME = YES;
				GENERATE_INFOPLIST_FILE = YES;
				INFOPLIST_KEY_NSHumanReadableCopyright = "";
				INFOPLIST_KEY_NSMainStoryboardFile = Main;
				INFOPLIST_KEY_NSPrincipalClass = NSApplication;
				LD_RUNPATH_SEARCH_PATHS = (
					"$(inherited)",
					"@executable_path/../Frameworks",
				);
				MARKETING_VERSION = 1.0;
				PRODUCT_BUNDLE_IDENTIFIER = petru.motrescu.3D-Synth;
				PRODUCT_NAME = "$(TARGET_NAME)";
				SWIFT_EMIT_LOC_STRINGS = YES;
				SWIFT_OBJC_BRIDGING_HEADER = "Bridging-Header.h";
				SWIFT_OBJC_INTEROP_MODE = objc;
				SWIFT_VERSION = 5.0;
			};
			name = Release;
		};
/* End XCBuildConfiguration section */

/* Begin XCConfigurationList section */
		0AF426792BE2D8650028C5B3 /* Build configuration list for PBXProject "3D-Synth" */ = {
			isa = XCConfigurationList;
			buildConfigurations = (
				0AF4268D2BE2D8670028C5B3 /* Debug */,
				0AF4268E2BE2D8670028C5B3 /* Release */,
			);
			defaultConfigurationIsVisible = 0;
			defaultConfigurationName = Release;
		};
		0AF4268F2BE2D8670028C5B3 /* Build configuration list for PBXNativeTarget "3D-Synth" */ = {
			isa = XCConfigurationList;
			buildConfigurations = (
				0AF426902BE2D8670028C5B3 /* Debug */,
				0AF426912BE2D8670028C5B3 /* Release */,
			);
			defaultConfigurationIsVisible = 0;
			defaultConfigurationName = Release;
		};
/* End XCConfigurationList section */
	};
	rootObject = 0AF426762BE2D8650028C5B3 /* Project object */;
}
