// !$*UTF8*$!
{
	archiveVersion = 1;
	classes = {
	};
	objectVersion = 56;
	objects = {

/* Begin PBXBuildFile section */
		0A01D78B2C4D9D7700E4B6DE /* noise.cpp in Sources */ = {isa = PBXBuildFile; fileRef = 0A01D78A2C4D9D7700E4B6DE /* noise.cpp */; };
		0A4E96762C5D611800584FA3 /* sequencer.cpp in Sources */ = {isa = PBXBuildFile; fileRef = 0A4E96752C5D611800584FA3 /* sequencer.cpp */; };
		0A69E9442C5A413D004F4BAD /* envelope.cpp in Sources */ = {isa = PBXBuildFile; fileRef = 0A69E9432C5A413D004F4BAD /* envelope.cpp */; };
		0A7CED522C118A470020251E /* audio-station-c.cpp in Sources */ = {isa = PBXBuildFile; fileRef = 0A7CED482C118A470020251E /* audio-station-c.cpp */; };
		0A7CED532C118A470020251E /* audio-station.cpp in Sources */ = {isa = PBXBuildFile; fileRef = 0A7CED492C118A470020251E /* audio-station.cpp */; };
		0A7CED542C118A470020251E /* delay.cpp in Sources */ = {isa = PBXBuildFile; fileRef = 0A7CED4A2C118A470020251E /* delay.cpp */; };
		0A7CED552C118A470020251E /* drum.cpp in Sources */ = {isa = PBXBuildFile; fileRef = 0A7CED4B2C118A470020251E /* drum.cpp */; };
		0A7CED562C118A470020251E /* notes.cpp in Sources */ = {isa = PBXBuildFile; fileRef = 0A7CED4C2C118A470020251E /* notes.cpp */; };
		0A7CED572C118A470020251E /* oscillator.cpp in Sources */ = {isa = PBXBuildFile; fileRef = 0A7CED4D2C118A470020251E /* oscillator.cpp */; };
		0A7CED592C118A470020251E /* synth.cpp in Sources */ = {isa = PBXBuildFile; fileRef = 0A7CED4F2C118A470020251E /* synth.cpp */; };
		0A7CED5A2C118A470020251E /* track.cpp in Sources */ = {isa = PBXBuildFile; fileRef = 0A7CED502C118A470020251E /* track.cpp */; };
		0AAB8B212C1C39A700365EC5 /* reverb.cpp in Sources */ = {isa = PBXBuildFile; fileRef = 0AAB8B1F2C1C39A700365EC5 /* reverb.cpp */; };
		0AAB8B222C1C39A700365EC5 /* utils.cpp in Sources */ = {isa = PBXBuildFile; fileRef = 0AAB8B202C1C39A700365EC5 /* utils.cpp */; };
		0ABBE03C2BE554D100803057 /* AudioToolbox.framework in Frameworks */ = {isa = PBXBuildFile; fileRef = 0ABBE03B2BE554D100803057 /* AudioToolbox.framework */; };
		0ABBE03E2BE554D800803057 /* AudioUnit.framework in Frameworks */ = {isa = PBXBuildFile; fileRef = 0ABBE03D2BE554D800803057 /* AudioUnit.framework */; };
		0AF426822BE2D8650028C5B3 /* AppDelegate.swift in Sources */ = {isa = PBXBuildFile; fileRef = 0AF426812BE2D8650028C5B3 /* AppDelegate.swift */; };
		0AF426842BE2D8650028C5B3 /* ViewController.swift in Sources */ = {isa = PBXBuildFile; fileRef = 0AF426832BE2D8650028C5B3 /* ViewController.swift */; };
		0AF426862BE2D8650028C5B3 /* art.scnassets in Resources */ = {isa = PBXBuildFile; fileRef = 0AF426852BE2D8650028C5B3 /* art.scnassets */; };
		0AF426882BE2D8660028C5B3 /* Assets.xcassets in Resources */ = {isa = PBXBuildFile; fileRef = 0AF426872BE2D8660028C5B3 /* Assets.xcassets */; };
		0AF4268B2BE2D8660028C5B3 /* Base in Resources */ = {isa = PBXBuildFile; fileRef = 0AF4268A2BE2D8660028C5B3 /* Base */; };
		0AF71D662BE2E1D700348FDE /* Key.swift in Sources */ = {isa = PBXBuildFile; fileRef = 0AF71D652BE2E1D700348FDE /* Key.swift */; };
/* End PBXBuildFile section */

/* Begin PBXFileReference section */
		0A01D7892C4D9D6800E4B6DE /* noise.hpp */ = {isa = PBXFileReference; lastKnownFileType = sourcecode.cpp.h; path = noise.hpp; sourceTree = "<group>"; };
		0A01D78A2C4D9D7700E4B6DE /* noise.cpp */ = {isa = PBXFileReference; fileEncoding = 4; lastKnownFileType = sourcecode.cpp.cpp; path = noise.cpp; sourceTree = "<group>"; };
		0A095EFA2C5D835F000CE889 /* playable.hpp */ = {isa = PBXFileReference; lastKnownFileType = sourcecode.cpp.h; path = playable.hpp; sourceTree = "<group>"; };
		0A095EFB2C5D835F000CE889 /* signal-source.hpp */ = {isa = PBXFileReference; lastKnownFileType = sourcecode.cpp.h; path = "signal-source.hpp"; sourceTree = "<group>"; };
		0A4E96722C5D60FF00584FA3 /* sequencer.hpp */ = {isa = PBXFileReference; lastKnownFileType = sourcecode.cpp.h; path = sequencer.hpp; sourceTree = "<group>"; };
		0A4E96752C5D611800584FA3 /* sequencer.cpp */ = {isa = PBXFileReference; fileEncoding = 4; lastKnownFileType = sourcecode.cpp.cpp; path = sequencer.cpp; sourceTree = "<group>"; };
		0A69E9432C5A413D004F4BAD /* envelope.cpp */ = {isa = PBXFileReference; fileEncoding = 4; lastKnownFileType = sourcecode.cpp.cpp; path = envelope.cpp; sourceTree = "<group>"; };
		0A7CED372C118A470020251E /* audio-station-c.h */ = {isa = PBXFileReference; fileEncoding = 4; lastKnownFileType = sourcecode.c.h; path = "audio-station-c.h"; sourceTree = "<group>"; };
		0A7CED382C118A470020251E /* audio-station.hpp */ = {isa = PBXFileReference; fileEncoding = 4; lastKnownFileType = sourcecode.cpp.h; path = "audio-station.hpp"; sourceTree = "<group>"; };
		0A7CED392C118A470020251E /* config.hpp */ = {isa = PBXFileReference; fileEncoding = 4; lastKnownFileType = sourcecode.cpp.h; path = config.hpp; sourceTree = "<group>"; };
		0A7CED3A2C118A470020251E /* delay.hpp */ = {isa = PBXFileReference; fileEncoding = 4; lastKnownFileType = sourcecode.cpp.h; path = delay.hpp; sourceTree = "<group>"; };
		0A7CED3B2C118A470020251E /* drum.hpp */ = {isa = PBXFileReference; fileEncoding = 4; lastKnownFileType = sourcecode.cpp.h; path = drum.hpp; sourceTree = "<group>"; };
		0A7CED3C2C118A470020251E /* effect.hpp */ = {isa = PBXFileReference; fileEncoding = 4; lastKnownFileType = sourcecode.cpp.h; path = effect.hpp; sourceTree = "<group>"; };
		0A7CED3D2C118A470020251E /* envelope.hpp */ = {isa = PBXFileReference; fileEncoding = 4; lastKnownFileType = sourcecode.cpp.h; path = envelope.hpp; sourceTree = "<group>"; };
		0A7CED3E2C118A470020251E /* frequency.hpp */ = {isa = PBXFileReference; fileEncoding = 4; lastKnownFileType = sourcecode.cpp.h; path = frequency.hpp; sourceTree = "<group>"; };
		0A7CED3F2C118A470020251E /* instrument.hpp */ = {isa = PBXFileReference; fileEncoding = 4; lastKnownFileType = sourcecode.cpp.h; path = instrument.hpp; sourceTree = "<group>"; };
		0A7CED402C118A470020251E /* note.hpp */ = {isa = PBXFileReference; fileEncoding = 4; lastKnownFileType = sourcecode.cpp.h; path = note.hpp; sourceTree = "<group>"; };
		0A7CED412C118A470020251E /* oscillator.hpp */ = {isa = PBXFileReference; fileEncoding = 4; lastKnownFileType = sourcecode.cpp.h; path = oscillator.hpp; sourceTree = "<group>"; };
		0A7CED432C118A470020251E /* synth.hpp */ = {isa = PBXFileReference; fileEncoding = 4; lastKnownFileType = sourcecode.cpp.h; path = synth.hpp; sourceTree = "<group>"; };
		0A7CED442C118A470020251E /* track.hpp */ = {isa = PBXFileReference; fileEncoding = 4; lastKnownFileType = sourcecode.cpp.h; path = track.hpp; sourceTree = "<group>"; };
		0A7CED452C118A470020251E /* utils.hpp */ = {isa = PBXFileReference; fileEncoding = 4; lastKnownFileType = sourcecode.cpp.h; path = utils.hpp; sourceTree = "<group>"; };
		0A7CED462C118A470020251E /* wave.hpp */ = {isa = PBXFileReference; fileEncoding = 4; lastKnownFileType = sourcecode.cpp.h; path = wave.hpp; sourceTree = "<group>"; };
		0A7CED482C118A470020251E /* audio-station-c.cpp */ = {isa = PBXFileReference; fileEncoding = 4; lastKnownFileType = sourcecode.cpp.cpp; path = "audio-station-c.cpp"; sourceTree = "<group>"; };
		0A7CED492C118A470020251E /* audio-station.cpp */ = {isa = PBXFileReference; fileEncoding = 4; lastKnownFileType = sourcecode.cpp.cpp; path = "audio-station.cpp"; sourceTree = "<group>"; };
		0A7CED4A2C118A470020251E /* delay.cpp */ = {isa = PBXFileReference; fileEncoding = 4; lastKnownFileType = sourcecode.cpp.cpp; path = delay.cpp; sourceTree = "<group>"; };
		0A7CED4B2C118A470020251E /* drum.cpp */ = {isa = PBXFileReference; fileEncoding = 4; lastKnownFileType = sourcecode.cpp.cpp; path = drum.cpp; sourceTree = "<group>"; };
		0A7CED4C2C118A470020251E /* notes.cpp */ = {isa = PBXFileReference; fileEncoding = 4; lastKnownFileType = sourcecode.cpp.cpp; path = notes.cpp; sourceTree = "<group>"; };
		0A7CED4D2C118A470020251E /* oscillator.cpp */ = {isa = PBXFileReference; fileEncoding = 4; lastKnownFileType = sourcecode.cpp.cpp; path = oscillator.cpp; sourceTree = "<group>"; };
		0A7CED4F2C118A470020251E /* synth.cpp */ = {isa = PBXFileReference; fileEncoding = 4; lastKnownFileType = sourcecode.cpp.cpp; path = synth.cpp; sourceTree = "<group>"; };
		0A7CED502C118A470020251E /* track.cpp */ = {isa = PBXFileReference; fileEncoding = 4; lastKnownFileType = sourcecode.cpp.cpp; path = track.cpp; sourceTree = "<group>"; };
		0AAB8B1E2C1C399900365EC5 /* reverb.hpp */ = {isa = PBXFileReference; lastKnownFileType = sourcecode.cpp.h; path = reverb.hpp; sourceTree = "<group>"; };
		0AAB8B1F2C1C39A700365EC5 /* reverb.cpp */ = {isa = PBXFileReference; fileEncoding = 4; lastKnownFileType = sourcecode.cpp.cpp; path = reverb.cpp; sourceTree = "<group>"; };
		0AAB8B202C1C39A700365EC5 /* utils.cpp */ = {isa = PBXFileReference; fileEncoding = 4; lastKnownFileType = sourcecode.cpp.cpp; path = utils.cpp; sourceTree = "<group>"; };
		0ABBE03B2BE554D100803057 /* AudioToolbox.framework */ = {isa = PBXFileReference; lastKnownFileType = wrapper.framework; name = AudioToolbox.framework; path = System/Library/Frameworks/AudioToolbox.framework; sourceTree = SDKROOT; };
		0ABBE03D2BE554D800803057 /* AudioUnit.framework */ = {isa = PBXFileReference; lastKnownFileType = wrapper.framework; name = AudioUnit.framework; path = System/Library/Frameworks/AudioUnit.framework; sourceTree = SDKROOT; };
		0AF4267E2BE2D8650028C5B3 /* AudioStation.app */ = {isa = PBXFileReference; explicitFileType = wrapper.application; includeInIndex = 0; path = AudioStation.app; sourceTree = BUILT_PRODUCTS_DIR; };
		0AF426812BE2D8650028C5B3 /* AppDelegate.swift */ = {isa = PBXFileReference; lastKnownFileType = sourcecode.swift; path = AppDelegate.swift; sourceTree = "<group>"; };
		0AF426832BE2D8650028C5B3 /* ViewController.swift */ = {isa = PBXFileReference; lastKnownFileType = sourcecode.swift; path = ViewController.swift; sourceTree = "<group>"; };
		0AF426852BE2D8650028C5B3 /* art.scnassets */ = {isa = PBXFileReference; lastKnownFileType = wrapper.scnassets; path = art.scnassets; sourceTree = "<group>"; };
		0AF426872BE2D8660028C5B3 /* Assets.xcassets */ = {isa = PBXFileReference; lastKnownFileType = folder.assetcatalog; path = Assets.xcassets; sourceTree = "<group>"; };
		0AF4268A2BE2D8660028C5B3 /* Base */ = {isa = PBXFileReference; lastKnownFileType = file.storyboard; name = Base; path = Base.lproj/Main.storyboard; sourceTree = "<group>"; };
		0AF4268C2BE2D8670028C5B3 /* AudioStation.entitlements */ = {isa = PBXFileReference; lastKnownFileType = text.plist.entitlements; path = AudioStation.entitlements; sourceTree = "<group>"; };
		0AF71D652BE2E1D700348FDE /* Key.swift */ = {isa = PBXFileReference; lastKnownFileType = sourcecode.swift; path = Key.swift; sourceTree = "<group>"; };
		0AF71D672BE2F0B100348FDE /* Bridging-Header.h */ = {isa = PBXFileReference; lastKnownFileType = sourcecode.c.h; path = "Bridging-Header.h"; sourceTree = "<group>"; };
/* End PBXFileReference section */

/* Begin PBXFrameworksBuildPhase section */
		0AF4267B2BE2D8650028C5B3 /* Frameworks */ = {
			isa = PBXFrameworksBuildPhase;
			buildActionMask = 2147483647;
			files = (
				0ABBE03E2BE554D800803057 /* AudioUnit.framework in Frameworks */,
				0ABBE03C2BE554D100803057 /* AudioToolbox.framework in Frameworks */,
			);
			runOnlyForDeploymentPostprocessing = 0;
		};
/* End PBXFrameworksBuildPhase section */

/* Begin PBXGroup section */
		0A7CED352C118A140020251E /* AudioStationApp */ = {
			isa = PBXGroup;
			children = (
				0AF71D652BE2E1D700348FDE /* Key.swift */,
				0AF426812BE2D8650028C5B3 /* AppDelegate.swift */,
				0AF426832BE2D8650028C5B3 /* ViewController.swift */,
				0AF426852BE2D8650028C5B3 /* art.scnassets */,
				0AF426872BE2D8660028C5B3 /* Assets.xcassets */,
				0AF426892BE2D8660028C5B3 /* Main.storyboard */,
				0AF4268C2BE2D8670028C5B3 /* AudioStation.entitlements */,
				0AF71D672BE2F0B100348FDE /* Bridging-Header.h */,
			);
			name = AudioStationApp;
			sourceTree = "<group>";
		};
		0A7CED362C118A1D0020251E /* AudioStationLib */ = {
			isa = PBXGroup;
			children = (
				0A7CED472C118A470020251E /* inc */,
				0A7CED512C118A470020251E /* src */,
			);
			name = AudioStationLib;
			sourceTree = "<group>";
		};
		0A7CED472C118A470020251E /* inc */ = {
			isa = PBXGroup;
			children = (
				0A7CED372C118A470020251E /* audio-station-c.h */,
				0A7CED382C118A470020251E /* audio-station.hpp */,
				0A7CED392C118A470020251E /* config.hpp */,
				0A7CED3A2C118A470020251E /* delay.hpp */,
				0A7CED3B2C118A470020251E /* drum.hpp */,
				0A7CED3C2C118A470020251E /* effect.hpp */,
				0A7CED3D2C118A470020251E /* envelope.hpp */,
				0A7CED3E2C118A470020251E /* frequency.hpp */,
				0A7CED3F2C118A470020251E /* instrument.hpp */,
				0A01D7892C4D9D6800E4B6DE /* noise.hpp */,
				0A7CED402C118A470020251E /* note.hpp */,
				0A7CED412C118A470020251E /* oscillator.hpp */,
				0A095EFA2C5D835F000CE889 /* playable.hpp */,
				0AAB8B1E2C1C399900365EC5 /* reverb.hpp */,
				0A4E96722C5D60FF00584FA3 /* sequencer.hpp */,
				0A095EFB2C5D835F000CE889 /* signal-source.hpp */,
				0A7CED432C118A470020251E /* synth.hpp */,
				0A7CED442C118A470020251E /* track.hpp */,
				0A7CED452C118A470020251E /* utils.hpp */,
				0A7CED462C118A470020251E /* wave.hpp */,
			);
			name = inc;
			path = "../audio-station-lib/inc";
			sourceTree = "<group>";
		};
		0A7CED512C118A470020251E /* src */ = {
			isa = PBXGroup;
			children = (
				0A7CED482C118A470020251E /* audio-station-c.cpp */,
				0A7CED492C118A470020251E /* audio-station.cpp */,
				0A7CED4A2C118A470020251E /* delay.cpp */,
				0A7CED4B2C118A470020251E /* drum.cpp */,
				0A69E9432C5A413D004F4BAD /* envelope.cpp */,
				0A01D78A2C4D9D7700E4B6DE /* noise.cpp */,
				0A7CED4C2C118A470020251E /* notes.cpp */,
				0A7CED4D2C118A470020251E /* oscillator.cpp */,
				0AAB8B1F2C1C39A700365EC5 /* reverb.cpp */,
				0A4E96752C5D611800584FA3 /* sequencer.cpp */,
				0A7CED4F2C118A470020251E /* synth.cpp */,
				0A7CED502C118A470020251E /* track.cpp */,
				0AAB8B202C1C39A700365EC5 /* utils.cpp */,
			);
			name = src;
			path = "../audio-station-lib/src";
			sourceTree = "<group>";
		};
		0ABBE03A2BE554D000803057 /* Frameworks */ = {
			isa = PBXGroup;
			children = (
				0ABBE03D2BE554D800803057 /* AudioUnit.framework */,
				0ABBE03B2BE554D100803057 /* AudioToolbox.framework */,
			);
			name = Frameworks;
			sourceTree = "<group>";
		};
		0AF426752BE2D8650028C5B3 = {
			isa = PBXGroup;
			children = (
				0A7CED352C118A140020251E /* AudioStationApp */,
				0A7CED362C118A1D0020251E /* AudioStationLib */,
				0AF4267F2BE2D8650028C5B3 /* Products */,
				0ABBE03A2BE554D000803057 /* Frameworks */,
			);
			sourceTree = "<group>";
		};
		0AF4267F2BE2D8650028C5B3 /* Products */ = {
			isa = PBXGroup;
			children = (
				0AF4267E2BE2D8650028C5B3 /* AudioStation.app */,
			);
			name = Products;
			sourceTree = "<group>";
		};
/* End PBXGroup section */

/* Begin PBXNativeTarget section */
		0AF4267D2BE2D8650028C5B3 /* AudioStation */ = {
			isa = PBXNativeTarget;
			buildConfigurationList = 0AF4268F2BE2D8670028C5B3 /* Build configuration list for PBXNativeTarget "AudioStation" */;
			buildPhases = (
				0AF4267A2BE2D8650028C5B3 /* Sources */,
				0AF4267B2BE2D8650028C5B3 /* Frameworks */,
				0AF4267C2BE2D8650028C5B3 /* Resources */,
			);
			buildRules = (
			);
			dependencies = (
			);
			name = AudioStation;
			productName = AudioStation;
			productReference = 0AF4267E2BE2D8650028C5B3 /* AudioStation.app */;
			productType = "com.apple.product-type.application";
		};
/* End PBXNativeTarget section */

/* Begin PBXProject section */
		0AF426762BE2D8650028C5B3 /* Project object */ = {
			isa = PBXProject;
			attributes = {
				BuildIndependentTargetsInParallel = 1;
				LastSwiftUpdateCheck = 1530;
				LastUpgradeCheck = 1530;
				TargetAttributes = {
					0AF4267D2BE2D8650028C5B3 = {
						CreatedOnToolsVersion = 15.3;
						LastSwiftMigration = 1530;
					};
				};
			};
			buildConfigurationList = 0AF426792BE2D8650028C5B3 /* Build configuration list for PBXProject "AudioStation" */;
			compatibilityVersion = "Xcode 14.0";
			developmentRegion = en;
			hasScannedForEncodings = 0;
			knownRegions = (
				en,
				Base,
			);
			mainGroup = 0AF426752BE2D8650028C5B3;
			productRefGroup = 0AF4267F2BE2D8650028C5B3 /* Products */;
			projectDirPath = "";
			projectRoot = "";
			targets = (
				0AF4267D2BE2D8650028C5B3 /* AudioStation */,
			);
		};
/* End PBXProject section */

/* Begin PBXResourcesBuildPhase section */
		0AF4267C2BE2D8650028C5B3 /* Resources */ = {
			isa = PBXResourcesBuildPhase;
			buildActionMask = 2147483647;
			files = (
				0AF426882BE2D8660028C5B3 /* Assets.xcassets in Resources */,
				0AF4268B2BE2D8660028C5B3 /* Base in Resources */,
				0AF426862BE2D8650028C5B3 /* art.scnassets in Resources */,
			);
			runOnlyForDeploymentPostprocessing = 0;
		};
/* End PBXResourcesBuildPhase section */

/* Begin PBXSourcesBuildPhase section */
		0AF4267A2BE2D8650028C5B3 /* Sources */ = {
			isa = PBXSourcesBuildPhase;
			buildActionMask = 2147483647;
			files = (
				0AF426842BE2D8650028C5B3 /* ViewController.swift in Sources */,
				0A7CED542C118A470020251E /* delay.cpp in Sources */,
				0A7CED552C118A470020251E /* drum.cpp in Sources */,
				0A7CED562C118A470020251E /* notes.cpp in Sources */,
				0A7CED572C118A470020251E /* oscillator.cpp in Sources */,
				0A7CED532C118A470020251E /* audio-station.cpp in Sources */,
				0A01D78B2C4D9D7700E4B6DE /* noise.cpp in Sources */,
				0A7CED522C118A470020251E /* audio-station-c.cpp in Sources */,
				0A7CED592C118A470020251E /* synth.cpp in Sources */,
				0A4E96762C5D611800584FA3 /* sequencer.cpp in Sources */,
				0A69E9442C5A413D004F4BAD /* envelope.cpp in Sources */,
				0AF426822BE2D8650028C5B3 /* AppDelegate.swift in Sources */,
				0AAB8B212C1C39A700365EC5 /* reverb.cpp in Sources */,
				0AF71D662BE2E1D700348FDE /* Key.swift in Sources */,
				0A7CED5A2C118A470020251E /* track.cpp in Sources */,
				0AAB8B222C1C39A700365EC5 /* utils.cpp in Sources */,
			);
			runOnlyForDeploymentPostprocessing = 0;
		};
/* End PBXSourcesBuildPhase section */

/* Begin PBXVariantGroup section */
		0AF426892BE2D8660028C5B3 /* Main.storyboard */ = {
			isa = PBXVariantGroup;
			children = (
				0AF4268A2BE2D8660028C5B3 /* Base */,
			);
			name = Main.storyboard;
			sourceTree = "<group>";
		};
/* End PBXVariantGroup section */

/* Begin XCBuildConfiguration section */
		0AF4268D2BE2D8670028C5B3 /* Debug */ = {
			isa = XCBuildConfiguration;
			buildSettings = {
				ALWAYS_SEARCH_USER_PATHS = NO;
				ASSETCATALOG_COMPILER_GENERATE_SWIFT_ASSET_SYMBOL_EXTENSIONS = YES;
				CLANG_ANALYZER_NONNULL = YES;
				CLANG_ANALYZER_NUMBER_OBJECT_CONVERSION = YES_AGGRESSIVE;
				CLANG_CXX_LANGUAGE_STANDARD = "gnu++20";
				CLANG_ENABLE_MODULES = YES;
				CLANG_ENABLE_OBJC_ARC = YES;
				CLANG_ENABLE_OBJC_WEAK = YES;
				CLANG_WARN_BLOCK_CAPTURE_AUTORELEASING = YES;
				CLANG_WARN_BOOL_CONVERSION = YES;
				CLANG_WARN_COMMA = YES;
				CLANG_WARN_CONSTANT_CONVERSION = YES;
				CLANG_WARN_DEPRECATED_OBJC_IMPLEMENTATIONS = YES;
				CLANG_WARN_DIRECT_OBJC_ISA_USAGE = YES_ERROR;
				CLANG_WARN_DOCUMENTATION_COMMENTS = YES;
				CLANG_WARN_EMPTY_BODY = YES;
				CLANG_WARN_ENUM_CONVERSION = YES;
				CLANG_WARN_INFINITE_RECURSION = YES;
				CLANG_WARN_INT_CONVERSION = YES;
				CLANG_WARN_NON_LITERAL_NULL_CONVERSION = YES;
				CLANG_WARN_OBJC_IMPLICIT_RETAIN_SELF = YES;
				CLANG_WARN_OBJC_LITERAL_CONVERSION = YES;
				CLANG_WARN_OBJC_ROOT_CLASS = YES_ERROR;
				CLANG_WARN_QUOTED_INCLUDE_IN_FRAMEWORK_HEADER = YES;
				CLANG_WARN_RANGE_LOOP_ANALYSIS = YES;
				CLANG_WARN_STRICT_PROTOTYPES = YES;
				CLANG_WARN_SUSPICIOUS_MOVE = YES;
				CLANG_WARN_UNGUARDED_AVAILABILITY = YES_AGGRESSIVE;
				CLANG_WARN_UNREACHABLE_CODE = YES;
				CLANG_WARN__DUPLICATE_METHOD_MATCH = YES;
				COPY_PHASE_STRIP = NO;
				DEBUG_INFORMATION_FORMAT = dwarf;
				ENABLE_STRICT_OBJC_MSGSEND = YES;
				ENABLE_TESTABILITY = YES;
				ENABLE_USER_SCRIPT_SANDBOXING = YES;
				GCC_C_LANGUAGE_STANDARD = gnu17;
				GCC_DYNAMIC_NO_PIC = NO;
				GCC_NO_COMMON_BLOCKS = YES;
				GCC_OPTIMIZATION_LEVEL = 0;
				GCC_PREPROCESSOR_DEFINITIONS = (
					"DEBUG=1",
					"$(inherited)",
				);
				GCC_WARN_64_TO_32_BIT_CONVERSION = YES;
				GCC_WARN_ABOUT_RETURN_TYPE = YES_ERROR;
				GCC_WARN_UNDECLARED_SELECTOR = YES;
				GCC_WARN_UNINITIALIZED_AUTOS = YES_AGGRESSIVE;
				GCC_WARN_UNUSED_FUNCTION = YES;
				GCC_WARN_UNUSED_VARIABLE = YES;
				HEADER_SEARCH_PATHS = "$(PROJECT_DIR)/Audio/inc";
				LOCALIZATION_PREFERS_STRING_CATALOGS = YES;
				MACOSX_DEPLOYMENT_TARGET = 14.4;
				MTL_ENABLE_DEBUG_INFO = INCLUDE_SOURCE;
				MTL_FAST_MATH = YES;
				ONLY_ACTIVE_ARCH = YES;
				SDKROOT = macosx;
				SWIFT_ACTIVE_COMPILATION_CONDITIONS = "DEBUG $(inherited)";
				SWIFT_OPTIMIZATION_LEVEL = "-Onone";
			};
			name = Debug;
		};
		0AF4268E2BE2D8670028C5B3 /* Release */ = {
			isa = XCBuildConfiguration;
			buildSettings = {
				ALWAYS_SEARCH_USER_PATHS = NO;
				ASSETCATALOG_COMPILER_GENERATE_SWIFT_ASSET_SYMBOL_EXTENSIONS = YES;
				CLANG_ANALYZER_NONNULL = YES;
				CLANG_ANALYZER_NUMBER_OBJECT_CONVERSION = YES_AGGRESSIVE;
				CLANG_CXX_LANGUAGE_STANDARD = "gnu++20";
				CLANG_ENABLE_MODULES = YES;
				CLANG_ENABLE_OBJC_ARC = YES;
				CLANG_ENABLE_OBJC_WEAK = YES;
				CLANG_WARN_BLOCK_CAPTURE_AUTORELEASING = YES;
				CLANG_WARN_BOOL_CONVERSION = YES;
				CLANG_WARN_COMMA = YES;
				CLANG_WARN_CONSTANT_CONVERSION = YES;
				CLANG_WARN_DEPRECATED_OBJC_IMPLEMENTATIONS = YES;
				CLANG_WARN_DIRECT_OBJC_ISA_USAGE = YES_ERROR;
				CLANG_WARN_DOCUMENTATION_COMMENTS = YES;
				CLANG_WARN_EMPTY_BODY = YES;
				CLANG_WARN_ENUM_CONVERSION = YES;
				CLANG_WARN_INFINITE_RECURSION = YES;
				CLANG_WARN_INT_CONVERSION = YES;
				CLANG_WARN_NON_LITERAL_NULL_CONVERSION = YES;
				CLANG_WARN_OBJC_IMPLICIT_RETAIN_SELF = YES;
				CLANG_WARN_OBJC_LITERAL_CONVERSION = YES;
				CLANG_WARN_OBJC_ROOT_CLASS = YES_ERROR;
				CLANG_WARN_QUOTED_INCLUDE_IN_FRAMEWORK_HEADER = YES;
				CLANG_WARN_RANGE_LOOP_ANALYSIS = YES;
				CLANG_WARN_STRICT_PROTOTYPES = YES;
				CLANG_WARN_SUSPICIOUS_MOVE = YES;
				CLANG_WARN_UNGUARDED_AVAILABILITY = YES_AGGRESSIVE;
				CLANG_WARN_UNREACHABLE_CODE = YES;
				CLANG_WARN__DUPLICATE_METHOD_MATCH = YES;
				COPY_PHASE_STRIP = NO;
				DEBUG_INFORMATION_FORMAT = "dwarf-with-dsym";
				ENABLE_NS_ASSERTIONS = NO;
				ENABLE_STRICT_OBJC_MSGSEND = YES;
				ENABLE_USER_SCRIPT_SANDBOXING = YES;
				GCC_C_LANGUAGE_STANDARD = gnu17;
				GCC_NO_COMMON_BLOCKS = YES;
				GCC_WARN_64_TO_32_BIT_CONVERSION = YES;
				GCC_WARN_ABOUT_RETURN_TYPE = YES_ERROR;
				GCC_WARN_UNDECLARED_SELECTOR = YES;
				GCC_WARN_UNINITIALIZED_AUTOS = YES_AGGRESSIVE;
				GCC_WARN_UNUSED_FUNCTION = YES;
				GCC_WARN_UNUSED_VARIABLE = YES;
				HEADER_SEARCH_PATHS = "$(PROJECT_DIR)/Audio/inc";
				LOCALIZATION_PREFERS_STRING_CATALOGS = YES;
				MACOSX_DEPLOYMENT_TARGET = 14.4;
				MTL_ENABLE_DEBUG_INFO = NO;
				MTL_FAST_MATH = YES;
				SDKROOT = macosx;
				SWIFT_COMPILATION_MODE = wholemodule;
			};
			name = Release;
		};
		0AF426902BE2D8670028C5B3 /* Debug */ = {
			isa = XCBuildConfiguration;
			buildSettings = {
				ASSETCATALOG_COMPILER_APPICON_NAME = AppIcon;
				ASSETCATALOG_COMPILER_GLOBAL_ACCENT_COLOR_NAME = AccentColor;
				CLANG_ENABLE_MODULES = YES;
				CODE_SIGN_ENTITLEMENTS = AudioStation.entitlements;
				CODE_SIGN_STYLE = Automatic;
				COMBINE_HIDPI_IMAGES = YES;
				CURRENT_PROJECT_VERSION = 1;
				DEVELOPMENT_TEAM = 252PHPCKQN;
				ENABLE_HARDENED_RUNTIME = YES;
				GENERATE_INFOPLIST_FILE = YES;
				INFOPLIST_KEY_NSHumanReadableCopyright = "";
				INFOPLIST_KEY_NSMainStoryboardFile = Main;
				INFOPLIST_KEY_NSPrincipalClass = NSApplication;
				LD_RUNPATH_SEARCH_PATHS = (
					"$(inherited)",
					"@executable_path/../Frameworks",
				);
				MARKETING_VERSION = 1.0;
				PRODUCT_BUNDLE_IDENTIFIER = petru.motrescu.AudioStation;
				PRODUCT_NAME = "$(TARGET_NAME)";
				SWIFT_EMIT_LOC_STRINGS = YES;
				SWIFT_OBJC_BRIDGING_HEADER = "Bridging-Header.h";
				SWIFT_OBJC_INTEROP_MODE = objc;
				SWIFT_OPTIMIZATION_LEVEL = "-Onone";
				SWIFT_VERSION = 5.0;
			};
			name = Debug;
		};
		0AF426912BE2D8670028C5B3 /* Release */ = {
			isa = XCBuildConfiguration;
			buildSettings = {
				ASSETCATALOG_COMPILER_APPICON_NAME = AppIcon;
				ASSETCATALOG_COMPILER_GLOBAL_ACCENT_COLOR_NAME = AccentColor;
				CLANG_ENABLE_MODULES = YES;
				CODE_SIGN_ENTITLEMENTS = AudioStation.entitlements;
				CODE_SIGN_STYLE = Automatic;
				COMBINE_HIDPI_IMAGES = YES;
				CURRENT_PROJECT_VERSION = 1;
				DEVELOPMENT_TEAM = 252PHPCKQN;
				ENABLE_HARDENED_RUNTIME = YES;
				GENERATE_INFOPLIST_FILE = YES;
				INFOPLIST_KEY_NSHumanReadableCopyright = "";
				INFOPLIST_KEY_NSMainStoryboardFile = Main;
				INFOPLIST_KEY_NSPrincipalClass = NSApplication;
				LD_RUNPATH_SEARCH_PATHS = (
					"$(inherited)",
					"@executable_path/../Frameworks",
				);
				MARKETING_VERSION = 1.0;
				PRODUCT_BUNDLE_IDENTIFIER = petru.motrescu.AudioStation;
				PRODUCT_NAME = "$(TARGET_NAME)";
				SWIFT_EMIT_LOC_STRINGS = YES;
				SWIFT_OBJC_BRIDGING_HEADER = "Bridging-Header.h";
				SWIFT_OBJC_INTEROP_MODE = objc;
				SWIFT_VERSION = 5.0;
			};
			name = Release;
		};
/* End XCBuildConfiguration section */

/* Begin XCConfigurationList section */
		0AF426792BE2D8650028C5B3 /* Build configuration list for PBXProject "AudioStation" */ = {
			isa = XCConfigurationList;
			buildConfigurations = (
				0AF4268D2BE2D8670028C5B3 /* Debug */,
				0AF4268E2BE2D8670028C5B3 /* Release */,
			);
			defaultConfigurationIsVisible = 0;
			defaultConfigurationName = Release;
		};
		0AF4268F2BE2D8670028C5B3 /* Build configuration list for PBXNativeTarget "AudioStation" */ = {
			isa = XCConfigurationList;
			buildConfigurations = (
				0AF426902BE2D8670028C5B3 /* Debug */,
				0AF426912BE2D8670028C5B3 /* Release */,
			);
			defaultConfigurationIsVisible = 0;
			defaultConfigurationName = Release;
		};
/* End XCConfigurationList section */
	};
	rootObject = 0AF426762BE2D8650028C5B3 /* Project object */;
}
